
Microsoft Visual Studio Solution File, Format Version 12.00
# Visual Studio Version 17
VisualStudioVersion = 17.4.33103.184
MinimumVisualStudioVersion = 10.0.40219.1
Project("{FAE04EC0-301F-11D3-BF4B-00C04F79EFBC}") = "TCPClient", "TCPClient.csproj", "{0D4466D7-A5F9-4550-B3B4-633FE2A9BA94}"
EndProject
Global
	GlobalSection(SolutionConfigurationPlatforms) = preSolution
		Debug|Any CPU = Debug|Any CPU
		Release|Any CPU = Release|Any CPU
	EndGlobalSection
	GlobalSection(ProjectConfigurationPlatforms) = postSolution
		{0D4466D7-A5F9-4550-B3B4-633FE2A9BA94}.Debug|Any CPU.ActiveCfg = Debug|Any CPU
		{0D4466D7-A5F9-4550-B3B4-633FE2A9BA94}.Debug|Any CPU.Build.0 = Debug|Any CPU
		{0D4466D7-A5F9-4550-B3B4-633FE2A9BA94}.Release|Any CPU.ActiveCfg = Release|Any CPU
		{0D4466D7-A5F9-4550-B3B4-633FE2A9BA94}.Release|Any CPU.Build.0 = Release|Any CPU
	EndGlobalSection
	GlobalSection(SolutionProperties) = preSolution
		HideSolutionNode = FALSE
	EndGlobalSection
	GlobalSection(ExtensibilityGlobals) = postSolution
		SolutionGuid = {BD8449D9-2F7A-40D1-80F4-9F8A49BB946A}
	EndGlobalSection
EndGlobal
